
Microsoft Visual Studio Solution File, Format Version 12.00
# Visual Studio 2013
VisualStudioVersion = 12.0.21005.1
MinimumVisualStudioVersion = 10.0.40219.1
Project("{FAE04EC0-301F-11D3-BF4B-00C04F79EFBC}") = "LR_KPO5", "LR_KPO5\LR_KPO5.csproj", "{D78BC613-8B27-4D33-8A36-6A8F0ED97CB0}"
EndProject
Project("{FAE04EC0-301F-11D3-BF4B-00C04F79EFBC}") = "LR_KPO5_TEST", "LR_KPO5_TEST\LR_KPO5_TEST.csproj", "{A5F95F20-1E51-4190-B6A5-04AEBEBC3881}"
EndProject
Global
	GlobalSection(SolutionConfigurationPlatforms) = preSolution
		Debug|Any CPU = Debug|Any CPU
		Release|Any CPU = Release|Any CPU
	EndGlobalSection
	GlobalSection(ProjectConfigurationPlatforms) = postSolution
		{D78BC613-8B27-4D33-8A36-6A8F0ED97CB0}.Debug|Any CPU.ActiveCfg = Debug|Any CPU
		{D78BC613-8B27-4D33-8A36-6A8F0ED97CB0}.Debug|Any CPU.Build.0 = Debug|Any CPU
		{D78BC613-8B27-4D33-8A36-6A8F0ED97CB0}.Release|Any CPU.ActiveCfg = Release|Any CPU
		{D78BC613-8B27-4D33-8A36-6A8F0ED97CB0}.Release|Any CPU.Build.0 = Release|Any CPU
		{A5F95F20-1E51-4190-B6A5-04AEBEBC3881}.Debug|Any CPU.ActiveCfg = Debug|Any CPU
		{A5F95F20-1E51-4190-B6A5-04AEBEBC3881}.Debug|Any CPU.Build.0 = Debug|Any CPU
		{A5F95F20-1E51-4190-B6A5-04AEBEBC3881}.Release|Any CPU.ActiveCfg = Release|Any CPU
		{A5F95F20-1E51-4190-B6A5-04AEBEBC3881}.Release|Any CPU.Build.0 = Release|Any CPU
	EndGlobalSection
	GlobalSection(SolutionProperties) = preSolution
		HideSolutionNode = FALSE
	EndGlobalSection
EndGlobal
